
Microsoft Visual Studio Solution File, Format Version 12.00
# Visual Studio Version 17
VisualStudioVersion = 17.2.32519.379
MinimumVisualStudioVersion = 10.0.40219.1
Project("{FAE04EC0-301F-11D3-BF4B-00C04F79EFBC}") = "ConsoleApp", "ConsoleApp\ConsoleApp.csproj", "{D909E90A-50FA-4E32-953F-B18D51B62844}"
EndProject
Global
	GlobalSection(SolutionConfigurationPlatforms) = preSolution
		Debug|Any CPU = Debug|Any CPU
		Release|Any CPU = Release|Any CPU
	EndGlobalSection
	GlobalSection(ProjectConfigurationPlatforms) = postSolution
		{D909E90A-50FA-4E32-953F-B18D51B62844}.Debug|Any CPU.ActiveCfg = Debug|Any CPU
		{D909E90A-50FA-4E32-953F-B18D51B62844}.Debug|Any CPU.Build.0 = Debug|Any CPU
		{D909E90A-50FA-4E32-953F-B18D51B62844}.Release|Any CPU.ActiveCfg = Release|Any CPU
		{D909E90A-50FA-4E32-953F-B18D51B62844}.Release|Any CPU.Build.0 = Release|Any CPU
	EndGlobalSection
	GlobalSection(SolutionProperties) = preSolution
		HideSolutionNode = FALSE
	EndGlobalSection
	GlobalSection(ExtensibilityGlobals) = postSolution
		SolutionGuid = {74FF6C5F-A838-44FB-A4B5-E35B1039D2A0}
	EndGlobalSection
EndGlobal
